
Microsoft Visual Studio Solution File, Format Version 12.00
# Visual Studio 15
VisualStudioVersion = 15.0.26730.16
MinimumVisualStudioVersion = 10.0.40219.1
Project("{9A19103F-16F7-4668-BE54-9A1E7A4F7556}") = "LifeLine", "LifeLine\LifeLine.csproj", "{0BADFC5E-F68D-4505-939C-6E3BF3412FC8}"
EndProject
Project("{9A19103F-16F7-4668-BE54-9A1E7A4F7556}") = "TaglibSharp.Core", "TaglibSharp.Core\TaglibSharp.Core.csproj", "{6E86A40F-F7E4-4831-AEFC-4A3E373F19FC}"
EndProject
Project("{9A19103F-16F7-4668-BE54-9A1E7A4F7556}") = "LifeLine.Test", "LifeLine.Test\LifeLine.Test.csproj", "{99775F86-33A4-4750-B5BA-6AA1B530E86B}"
EndProject
Global
	GlobalSection(SolutionConfigurationPlatforms) = preSolution
		Debug|Any CPU = Debug|Any CPU
		Release|Any CPU = Release|Any CPU
	EndGlobalSection
	GlobalSection(ProjectConfigurationPlatforms) = postSolution
		{0BADFC5E-F68D-4505-939C-6E3BF3412FC8}.Debug|Any CPU.ActiveCfg = Debug|Any CPU
		{0BADFC5E-F68D-4505-939C-6E3BF3412FC8}.Debug|Any CPU.Build.0 = Debug|Any CPU
		{0BADFC5E-F68D-4505-939C-6E3BF3412FC8}.Release|Any CPU.ActiveCfg = Release|Any CPU
		{0BADFC5E-F68D-4505-939C-6E3BF3412FC8}.Release|Any CPU.Build.0 = Release|Any CPU
		{6E86A40F-F7E4-4831-AEFC-4A3E373F19FC}.Debug|Any CPU.ActiveCfg = Debug|Any CPU
		{6E86A40F-F7E4-4831-AEFC-4A3E373F19FC}.Debug|Any CPU.Build.0 = Debug|Any CPU
		{6E86A40F-F7E4-4831-AEFC-4A3E373F19FC}.Release|Any CPU.ActiveCfg = Release|Any CPU
		{6E86A40F-F7E4-4831-AEFC-4A3E373F19FC}.Release|Any CPU.Build.0 = Release|Any CPU
		{99775F86-33A4-4750-B5BA-6AA1B530E86B}.Debug|Any CPU.ActiveCfg = Debug|Any CPU
		{99775F86-33A4-4750-B5BA-6AA1B530E86B}.Debug|Any CPU.Build.0 = Debug|Any CPU
		{99775F86-33A4-4750-B5BA-6AA1B530E86B}.Release|Any CPU.ActiveCfg = Release|Any CPU
		{99775F86-33A4-4750-B5BA-6AA1B530E86B}.Release|Any CPU.Build.0 = Release|Any CPU
	EndGlobalSection
	GlobalSection(SolutionProperties) = preSolution
		HideSolutionNode = FALSE
	EndGlobalSection
	GlobalSection(ExtensibilityGlobals) = postSolution
		SolutionGuid = {27E79D8A-D388-4EDC-9BA0-D5A574684C04}
	EndGlobalSection
EndGlobal
